("quicklisp" .
 (:class qlot/source/dist:source-dist
  :initargs (:distribution "https://beta.quicklisp.org/dist/quicklisp.txt" :%version :latest)
  :version "2026-01-01"))
("serapeum" .
 (:class qlot/source/ql:source-ql
  :initargs (:%version :latest)
  :version "ql-2026-01-01"))
("asdf" .
 (:class qlot/source/asdf:source-asdf
  :initargs (:version "3.3.7")
  :version "3.3.7"))
("alexandria" .
 (:class qlot/source/ql:source-ql
  :initargs (:%version :latest)
  :version "ql-2024-10-12"))
("fiveam" .
 (:class qlot/source/ql:source-ql
  :initargs (:%version :latest)
  :version "ql-2024-10-12"))
("lparallel" .
 (:class qlot/source/ql:source-ql
  :initargs (:%version :latest)
  :version "ql-2016-08-25"))
("codex" .
 (:class qlot/source/github:source-github
  :initargs (:repos "shamazmazum/codex" :ref nil :branch nil :tag nil)
  :version "github-67a554ffb78cc6f050ffc4d38a97777ed836db7e"))
("docparser" .
 (:class qlot/source/github:source-github
  :initargs (:repos "shamazmazum/docparser" :ref nil :branch nil :tag nil)
  :version "github-93a327d9e1c990fc6ec13251ffae119f3c168053"))
("approx" .
 (:class qlot/source/github:source-github
  :initargs (:repos "shamazmazum/approx" :ref nil :branch nil :tag nil)
  :version "github-fc8eee714d39c9a1cf69139cd9232b67b3c992e7"))
("vector-sum" .
 (:class qlot/source/github:source-github
  :initargs (:repos "shamazmazum/vector-sum" :ref nil :branch nil :tag "v1.0")
  :version "github-4b4dfe171aee96fa75d5d6110bcc2c180496dbd7"))
